
Microsoft Visual Studio Solution File, Format Version 12.00
Project("{F2A71F9B-5D33-465A-A702-920D77279786}") = "RealWorldFSharp.Api", "RealWorldFSharp.Api\RealWorldFSharp.Api.fsproj", "{08DA71D7-7292-41AF-93EB-2DA56132FAAE}"
EndProject
Project("{F2A71F9B-5D33-465A-A702-920D77279786}") = "RealWorldFSharp", "RealWorldFSharp\RealWorldFSharp.fsproj", "{B7AC746E-5175-441D-BB0D-42964F3222CF}"
EndProject
Project("{F2A71F9B-5D33-465A-A702-920D77279786}") = "RealWorldFSharp.Common", "RealWorldFSharp.Common\RealWorldFSharp.Common.fsproj", "{E1B1226B-BC1F-455E-82DB-EBDB19FA26B9}"
EndProject
Project("{F2A71F9B-5D33-465A-A702-920D77279786}") = "RealWorldFSharp.Data", "RealWorldFSharp.Data\RealWorldFSharp.Data.fsproj", "{B9BE81D9-31DF-4245-8259-A69C598A1F67}"
EndProject
Global
	GlobalSection(SolutionConfigurationPlatforms) = preSolution
		Debug|Any CPU = Debug|Any CPU
		Release|Any CPU = Release|Any CPU
	EndGlobalSection
	GlobalSection(ProjectConfigurationPlatforms) = postSolution
		{08DA71D7-7292-41AF-93EB-2DA56132FAAE}.Debug|Any CPU.ActiveCfg = Debug|Any CPU
		{08DA71D7-7292-41AF-93EB-2DA56132FAAE}.Debug|Any CPU.Build.0 = Debug|Any CPU
		{08DA71D7-7292-41AF-93EB-2DA56132FAAE}.Release|Any CPU.ActiveCfg = Release|Any CPU
		{08DA71D7-7292-41AF-93EB-2DA56132FAAE}.Release|Any CPU.Build.0 = Release|Any CPU
		{B7AC746E-5175-441D-BB0D-42964F3222CF}.Debug|Any CPU.ActiveCfg = Debug|Any CPU
		{B7AC746E-5175-441D-BB0D-42964F3222CF}.Debug|Any CPU.Build.0 = Debug|Any CPU
		{B7AC746E-5175-441D-BB0D-42964F3222CF}.Release|Any CPU.ActiveCfg = Release|Any CPU
		{B7AC746E-5175-441D-BB0D-42964F3222CF}.Release|Any CPU.Build.0 = Release|Any CPU
		{E1B1226B-BC1F-455E-82DB-EBDB19FA26B9}.Debug|Any CPU.ActiveCfg = Debug|Any CPU
		{E1B1226B-BC1F-455E-82DB-EBDB19FA26B9}.Debug|Any CPU.Build.0 = Debug|Any CPU
		{E1B1226B-BC1F-455E-82DB-EBDB19FA26B9}.Release|Any CPU.ActiveCfg = Release|Any CPU
		{E1B1226B-BC1F-455E-82DB-EBDB19FA26B9}.Release|Any CPU.Build.0 = Release|Any CPU
		{B9BE81D9-31DF-4245-8259-A69C598A1F67}.Debug|Any CPU.ActiveCfg = Debug|Any CPU
		{B9BE81D9-31DF-4245-8259-A69C598A1F67}.Debug|Any CPU.Build.0 = Debug|Any CPU
		{B9BE81D9-31DF-4245-8259-A69C598A1F67}.Release|Any CPU.ActiveCfg = Release|Any CPU
		{B9BE81D9-31DF-4245-8259-A69C598A1F67}.Release|Any CPU.Build.0 = Release|Any CPU
	EndGlobalSection
EndGlobal
